// !$*UTF8*$!
{
	archiveVersion = 1;
	classes = {
	};
	objectVersion = 56;
	objects = {

/* Begin PBXBuildFile section */
		3D3C22CB2C3CEFE900D6CFA0 /* SceneDelegate.swift in Sources */ = {isa = PBXBuildFile; fileRef = 3D3C22CA2C3CEFE900D6CFA0 /* SceneDelegate.swift */; };
		3D3C22CD2C3CEFE900D6CFA0 /* ViewController.swift in Sources */ = {isa = PBXBuildFile; fileRef = 3D3C22CC2C3CEFE900D6CFA0 /* ViewController.swift */; };
		3D3C22F92C3CF36500D6CFA0 /* AppDelegate.swift in Sources */ = {isa = PBXBuildFile; fileRef = 3D3C22F82C3CF36500D6CFA0 /* AppDelegate.swift */; };
		3D3C23112C3D0BD000D6CFA0 /* 02_Exception.swift in Sources */ = {isa = PBXBuildFile; fileRef = 3D3C23102C3D0BD000D6CFA0 /* 02_Exception.swift */; };
		3D3C23132C3D0C4F00D6CFA0 /* 01_SwiftError.swift in Sources */ = {isa = PBXBuildFile; fileRef = 3D3C23122C3D0C4F00D6CFA0 /* 01_SwiftError.swift */; };
		3D3C23152C3D15EC00D6CFA0 /* 03_Symbolic.swift in Sources */ = {isa = PBXBuildFile; fileRef = 3D3C23142C3D15EC00D6CFA0 /* 03_Symbolic.swift */; };
		3D3C23172C3D19AF00D6CFA0 /* 04_RuntimeIssue.swift in Sources */ = {isa = PBXBuildFile; fileRef = 3D3C23162C3D19AF00D6CFA0 /* 04_RuntimeIssue.swift */; };
		3D3C23192C3D1A0E00D6CFA0 /* 05_ConstraintError.swift in Sources */ = {isa = PBXBuildFile; fileRef = 3D3C23182C3D1A0E00D6CFA0 /* 05_ConstraintError.swift */; };
		3D3C232A2C3D2EC800D6CFA0 /* 00_File.swift in Sources */ = {isa = PBXBuildFile; fileRef = 3D3C23292C3D2EC800D6CFA0 /* 00_File.swift */; };
		3D3C232D2C3E826B00D6CFA0 /* ModalViewController.swift in Sources */ = {isa = PBXBuildFile; fileRef = 3D3C232C2C3E826B00D6CFA0 /* ModalViewController.swift */; };
		3D78A3B22C3FA9AB005C69E0 /* 06_TestFailure.swift in Sources */ = {isa = PBXBuildFile; fileRef = 3D78A3A32C3FA978005C69E0 /* 06_TestFailure.swift */; };
		3D78A3B42C3FAA7E005C69E0 /* 07_Watchpoint.swift in Sources */ = {isa = PBXBuildFile; fileRef = 3D78A3B32C3FAA7A005C69E0 /* 07_Watchpoint.swift */; };
/* End PBXBuildFile section */

/* Begin PBXContainerItemProxy section */
		3D78A3AD2C3FA99F005C69E0 /* PBXContainerItemProxy */ = {
			isa = PBXContainerItemProxy;
			containerPortal = 3D3C22BD2C3CEFE900D6CFA0 /* Project object */;
			proxyType = 1;
			remoteGlobalIDString = 3D3C22C42C3CEFE900D6CFA0;
			remoteInfo = BreakpointMaker;
		};
/* End PBXContainerItemProxy section */

/* Begin PBXFileReference section */
		3D3C22C52C3CEFE900D6CFA0 /* BreakpointMaker.app */ = {isa = PBXFileReference; explicitFileType = wrapper.application; includeInIndex = 0; path = BreakpointMaker.app; sourceTree = BUILT_PRODUCTS_DIR; };
		3D3C22CA2C3CEFE900D6CFA0 /* SceneDelegate.swift */ = {isa = PBXFileReference; lastKnownFileType = sourcecode.swift; path = SceneDelegate.swift; sourceTree = "<group>"; };
		3D3C22CC2C3CEFE900D6CFA0 /* ViewController.swift */ = {isa = PBXFileReference; lastKnownFileType = sourcecode.swift; path = ViewController.swift; sourceTree = "<group>"; };
		3D3C22D62C3CEFEA00D6CFA0 /* Info.plist */ = {isa = PBXFileReference; lastKnownFileType = text.plist.xml; path = Info.plist; sourceTree = "<group>"; };
		3D3C22F82C3CF36500D6CFA0 /* AppDelegate.swift */ = {isa = PBXFileReference; lastKnownFileType = sourcecode.swift; path = AppDelegate.swift; sourceTree = "<group>"; };
		3D3C23102C3D0BD000D6CFA0 /* 02_Exception.swift */ = {isa = PBXFileReference; lastKnownFileType = sourcecode.swift; path = 02_Exception.swift; sourceTree = "<group>"; };
		3D3C23122C3D0C4F00D6CFA0 /* 01_SwiftError.swift */ = {isa = PBXFileReference; lastKnownFileType = sourcecode.swift; path = 01_SwiftError.swift; sourceTree = "<group>"; };
		3D3C23142C3D15EC00D6CFA0 /* 03_Symbolic.swift */ = {isa = PBXFileReference; lastKnownFileType = sourcecode.swift; path = 03_Symbolic.swift; sourceTree = "<group>"; };
		3D3C23162C3D19AF00D6CFA0 /* 04_RuntimeIssue.swift */ = {isa = PBXFileReference; lastKnownFileType = sourcecode.swift; path = 04_RuntimeIssue.swift; sourceTree = "<group>"; };
		3D3C23182C3D1A0E00D6CFA0 /* 05_ConstraintError.swift */ = {isa = PBXFileReference; lastKnownFileType = sourcecode.swift; path = 05_ConstraintError.swift; sourceTree = "<group>"; };
		3D3C23292C3D2EC800D6CFA0 /* 00_File.swift */ = {isa = PBXFileReference; lastKnownFileType = sourcecode.swift; path = 00_File.swift; sourceTree = "<group>"; };
		3D3C232C2C3E826B00D6CFA0 /* ModalViewController.swift */ = {isa = PBXFileReference; lastKnownFileType = sourcecode.swift; path = ModalViewController.swift; sourceTree = "<group>"; };
		3D78A3A32C3FA978005C69E0 /* 06_TestFailure.swift */ = {isa = PBXFileReference; lastKnownFileType = sourcecode.swift; path = 06_TestFailure.swift; sourceTree = "<group>"; };
		3D78A3A92C3FA99F005C69E0 /* BreakpointMakerTests.xctest */ = {isa = PBXFileReference; explicitFileType = wrapper.cfbundle; includeInIndex = 0; path = BreakpointMakerTests.xctest; sourceTree = BUILT_PRODUCTS_DIR; };
		3D78A3B32C3FAA7A005C69E0 /* 07_Watchpoint.swift */ = {isa = PBXFileReference; lastKnownFileType = sourcecode.swift; path = 07_Watchpoint.swift; sourceTree = "<group>"; };
/* End PBXFileReference section */

/* Begin PBXFrameworksBuildPhase section */
		3D3C22C22C3CEFE900D6CFA0 /* Frameworks */ = {
			isa = PBXFrameworksBuildPhase;
			buildActionMask = 2147483647;
			files = (
			);
			runOnlyForDeploymentPostprocessing = 0;
		};
		3D78A3A62C3FA99F005C69E0 /* Frameworks */ = {
			isa = PBXFrameworksBuildPhase;
			buildActionMask = 2147483647;
			files = (
			);
			runOnlyForDeploymentPostprocessing = 0;
		};
/* End PBXFrameworksBuildPhase section */

/* Begin PBXGroup section */
		3D3C22BC2C3CEFE900D6CFA0 = {
			isa = PBXGroup;
			children = (
				3D3C22C72C3CEFE900D6CFA0 /* BreakpointMaker */,
				3D3C22C62C3CEFE900D6CFA0 /* Products */,
			);
			sourceTree = "<group>";
		};
		3D3C22C62C3CEFE900D6CFA0 /* Products */ = {
			isa = PBXGroup;
			children = (
				3D3C22C52C3CEFE900D6CFA0 /* BreakpointMaker.app */,
				3D78A3A92C3FA99F005C69E0 /* BreakpointMakerTests.xctest */,
			);
			name = Products;
			sourceTree = "<group>";
		};
		3D3C22C72C3CEFE900D6CFA0 /* BreakpointMaker */ = {
			isa = PBXGroup;
			children = (
				3D3C22FA2C3CFF6100D6CFA0 /* Breakpoints */,
				3D3C232B2C3E81D800D6CFA0 /* Watchpoints */,
				3D3C22F82C3CF36500D6CFA0 /* AppDelegate.swift */,
				3D3C22CA2C3CEFE900D6CFA0 /* SceneDelegate.swift */,
				3D3C22CC2C3CEFE900D6CFA0 /* ViewController.swift */,
				3D3C232C2C3E826B00D6CFA0 /* ModalViewController.swift */,
				3D3C22D62C3CEFEA00D6CFA0 /* Info.plist */,
			);
			path = BreakpointMaker;
			sourceTree = "<group>";
		};
		3D3C22FA2C3CFF6100D6CFA0 /* Breakpoints */ = {
			isa = PBXGroup;
			children = (
				3D3C23292C3D2EC800D6CFA0 /* 00_File.swift */,
				3D3C23122C3D0C4F00D6CFA0 /* 01_SwiftError.swift */,
				3D3C23102C3D0BD000D6CFA0 /* 02_Exception.swift */,
				3D3C23142C3D15EC00D6CFA0 /* 03_Symbolic.swift */,
				3D3C23162C3D19AF00D6CFA0 /* 04_RuntimeIssue.swift */,
				3D3C23182C3D1A0E00D6CFA0 /* 05_ConstraintError.swift */,
				3D78A3A32C3FA978005C69E0 /* 06_TestFailure.swift */,
			);
			path = Breakpoints;
			sourceTree = "<group>";
		};
		3D3C232B2C3E81D800D6CFA0 /* Watchpoints */ = {
			isa = PBXGroup;
			children = (
				3D78A3B32C3FAA7A005C69E0 /* 07_Watchpoint.swift */,
			);
			path = Watchpoints;
			sourceTree = "<group>";
		};
/* End PBXGroup section */

/* Begin PBXNativeTarget section */
		3D3C22C42C3CEFE900D6CFA0 /* BreakpointMaker */ = {
			isa = PBXNativeTarget;
			buildConfigurationList = 3D3C22EF2C3CEFEA00D6CFA0 /* Build configuration list for PBXNativeTarget "BreakpointMaker" */;
			buildPhases = (
				3D3C22C12C3CEFE900D6CFA0 /* Sources */,
				3D3C22C22C3CEFE900D6CFA0 /* Frameworks */,
				3D3C22C32C3CEFE900D6CFA0 /* Resources */,
			);
			buildRules = (
			);
			dependencies = (
			);
			name = BreakpointMaker;
			productName = BreakpointMaker;
			productReference = 3D3C22C52C3CEFE900D6CFA0 /* BreakpointMaker.app */;
			productType = "com.apple.product-type.application";
		};
		3D78A3A82C3FA99F005C69E0 /* BreakpointMakerTests */ = {
			isa = PBXNativeTarget;
			buildConfigurationList = 3D78A3AF2C3FA99F005C69E0 /* Build configuration list for PBXNativeTarget "BreakpointMakerTests" */;
			buildPhases = (
				3D78A3A52C3FA99F005C69E0 /* Sources */,
				3D78A3A62C3FA99F005C69E0 /* Frameworks */,
				3D78A3A72C3FA99F005C69E0 /* Resources */,
			);
			buildRules = (
			);
			dependencies = (
				3D78A3AE2C3FA99F005C69E0 /* PBXTargetDependency */,
			);
			name = BreakpointMakerTests;
			productName = BreakpointMakerTests;
			productReference = 3D78A3A92C3FA99F005C69E0 /* BreakpointMakerTests.xctest */;
			productType = "com.apple.product-type.bundle.unit-test";
		};
/* End PBXNativeTarget section */

/* Begin PBXProject section */
		3D3C22BD2C3CEFE900D6CFA0 /* Project object */ = {
			isa = PBXProject;
			attributes = {
				BuildIndependentTargetsInParallel = 1;
				LastSwiftUpdateCheck = 1600;
				LastUpgradeCheck = 1510;
				TargetAttributes = {
					3D3C22C42C3CEFE900D6CFA0 = {
						CreatedOnToolsVersion = 15.1;
					};
					3D78A3A82C3FA99F005C69E0 = {
						CreatedOnToolsVersion = 16.0;
						TestTargetID = 3D3C22C42C3CEFE900D6CFA0;
					};
				};
			};
			buildConfigurationList = 3D3C22C02C3CEFE900D6CFA0 /* Build configuration list for PBXProject "BreakpointMaker" */;
			compatibilityVersion = "Xcode 14.0";
			developmentRegion = en;
			hasScannedForEncodings = 0;
			knownRegions = (
				en,
				Base,
			);
			mainGroup = 3D3C22BC2C3CEFE900D6CFA0;
			productRefGroup = 3D3C22C62C3CEFE900D6CFA0 /* Products */;
			projectDirPath = "";
			projectRoot = "";
			targets = (
				3D3C22C42C3CEFE900D6CFA0 /* BreakpointMaker */,
				3D78A3A82C3FA99F005C69E0 /* BreakpointMakerTests */,
			);
		};
/* End PBXProject section */

/* Begin PBXResourcesBuildPhase section */
		3D3C22C32C3CEFE900D6CFA0 /* Resources */ = {
			isa = PBXResourcesBuildPhase;
			buildActionMask = 2147483647;
			files = (
			);
			runOnlyForDeploymentPostprocessing = 0;
		};
		3D78A3A72C3FA99F005C69E0 /* Resources */ = {
			isa = PBXResourcesBuildPhase;
			buildActionMask = 2147483647;
			files = (
			);
			runOnlyForDeploymentPostprocessing = 0;
		};
/* End PBXResourcesBuildPhase section */

/* Begin PBXSourcesBuildPhase section */
		3D3C22C12C3CEFE900D6CFA0 /* Sources */ = {
			isa = PBXSourcesBuildPhase;
			buildActionMask = 2147483647;
			files = (
				3D3C232D2C3E826B00D6CFA0 /* ModalViewController.swift in Sources */,
				3D3C23132C3D0C4F00D6CFA0 /* 01_SwiftError.swift in Sources */,
				3D3C23112C3D0BD000D6CFA0 /* 02_Exception.swift in Sources */,
				3D3C23152C3D15EC00D6CFA0 /* 03_Symbolic.swift in Sources */,
				3D3C22F92C3CF36500D6CFA0 /* AppDelegate.swift in Sources */,
				3D3C22CD2C3CEFE900D6CFA0 /* ViewController.swift in Sources */,
				3D78A3B42C3FAA7E005C69E0 /* 07_Watchpoint.swift in Sources */,
				3D3C232A2C3D2EC800D6CFA0 /* 00_File.swift in Sources */,
				3D3C23172C3D19AF00D6CFA0 /* 04_RuntimeIssue.swift in Sources */,
				3D3C23192C3D1A0E00D6CFA0 /* 05_ConstraintError.swift in Sources */,
				3D3C22CB2C3CEFE900D6CFA0 /* SceneDelegate.swift in Sources */,
			);
			runOnlyForDeploymentPostprocessing = 0;
		};
		3D78A3A52C3FA99F005C69E0 /* Sources */ = {
			isa = PBXSourcesBuildPhase;
			buildActionMask = 2147483647;
			files = (
				3D78A3B22C3FA9AB005C69E0 /* 06_TestFailure.swift in Sources */,
			);
			runOnlyForDeploymentPostprocessing = 0;
		};
/* End PBXSourcesBuildPhase section */

/* Begin PBXTargetDependency section */
		3D78A3AE2C3FA99F005C69E0 /* PBXTargetDependency */ = {
			isa = PBXTargetDependency;
			target = 3D3C22C42C3CEFE900D6CFA0 /* BreakpointMaker */;
			targetProxy = 3D78A3AD2C3FA99F005C69E0 /* PBXContainerItemProxy */;
		};
/* End PBXTargetDependency section */

/* Begin XCBuildConfiguration section */
		3D3C22ED2C3CEFEA00D6CFA0 /* Debug */ = {
			isa = XCBuildConfiguration;
			buildSettings = {
				ALWAYS_SEARCH_USER_PATHS = NO;
				ASSETCATALOG_COMPILER_GENERATE_SWIFT_ASSET_SYMBOL_EXTENSIONS = YES;
				CLANG_ANALYZER_NONNULL = YES;
				CLANG_ANALYZER_NUMBER_OBJECT_CONVERSION = YES_AGGRESSIVE;
				CLANG_CXX_LANGUAGE_STANDARD = "gnu++20";
				CLANG_ENABLE_MODULES = YES;
				CLANG_ENABLE_OBJC_ARC = YES;
				CLANG_ENABLE_OBJC_WEAK = YES;
				CLANG_WARN_BLOCK_CAPTURE_AUTORELEASING = YES;
				CLANG_WARN_BOOL_CONVERSION = YES;
				CLANG_WARN_COMMA = YES;
				CLANG_WARN_CONSTANT_CONVERSION = YES;
				CLANG_WARN_DEPRECATED_OBJC_IMPLEMENTATIONS = YES;
				CLANG_WARN_DIRECT_OBJC_ISA_USAGE = YES_ERROR;
				CLANG_WARN_DOCUMENTATION_COMMENTS = YES;
				CLANG_WARN_EMPTY_BODY = YES;
				CLANG_WARN_ENUM_CONVERSION = YES;
				CLANG_WARN_INFINITE_RECURSION = YES;
				CLANG_WARN_INT_CONVERSION = YES;
				CLANG_WARN_NON_LITERAL_NULL_CONVERSION = YES;
				CLANG_WARN_OBJC_IMPLICIT_RETAIN_SELF = YES;
				CLANG_WARN_OBJC_LITERAL_CONVERSION = YES;
				CLANG_WARN_OBJC_ROOT_CLASS = YES_ERROR;
				CLANG_WARN_QUOTED_INCLUDE_IN_FRAMEWORK_HEADER = YES;
				CLANG_WARN_RANGE_LOOP_ANALYSIS = YES;
				CLANG_WARN_STRICT_PROTOTYPES = YES;
				CLANG_WARN_SUSPICIOUS_MOVE = YES;
				CLANG_WARN_UNGUARDED_AVAILABILITY = YES_AGGRESSIVE;
				CLANG_WARN_UNREACHABLE_CODE = YES;
				CLANG_WARN__DUPLICATE_METHOD_MATCH = YES;
				COPY_PHASE_STRIP = NO;
				DEBUG_INFORMATION_FORMAT = dwarf;
				ENABLE_STRICT_OBJC_MSGSEND = YES;
				ENABLE_TESTABILITY = YES;
				ENABLE_USER_SCRIPT_SANDBOXING = YES;
				GCC_C_LANGUAGE_STANDARD = gnu17;
				GCC_DYNAMIC_NO_PIC = NO;
				GCC_NO_COMMON_BLOCKS = YES;
				GCC_OPTIMIZATION_LEVEL = 0;
				GCC_PREPROCESSOR_DEFINITIONS = (
					"DEBUG=1",
					"$(inherited)",
				);
				GCC_WARN_64_TO_32_BIT_CONVERSION = YES;
				GCC_WARN_ABOUT_RETURN_TYPE = YES_ERROR;
				GCC_WARN_UNDECLARED_SELECTOR = YES;
				GCC_WARN_UNINITIALIZED_AUTOS = YES_AGGRESSIVE;
				GCC_WARN_UNUSED_FUNCTION = YES;
				GCC_WARN_UNUSED_VARIABLE = YES;
				IPHONEOS_DEPLOYMENT_TARGET = 13.0;
				LOCALIZATION_PREFERS_STRING_CATALOGS = YES;
				MTL_ENABLE_DEBUG_INFO = INCLUDE_SOURCE;
				MTL_FAST_MATH = YES;
				ONLY_ACTIVE_ARCH = YES;
				SDKROOT = iphoneos;
				SWIFT_ACTIVE_COMPILATION_CONDITIONS = "DEBUG $(inherited)";
				SWIFT_OPTIMIZATION_LEVEL = "-Onone";
			};
			name = Debug;
		};
		3D3C22EE2C3CEFEA00D6CFA0 /* Release */ = {
			isa = XCBuildConfiguration;
			buildSettings = {
				ALWAYS_SEARCH_USER_PATHS = NO;
				ASSETCATALOG_COMPILER_GENERATE_SWIFT_ASSET_SYMBOL_EXTENSIONS = YES;
				CLANG_ANALYZER_NONNULL = YES;
				CLANG_ANALYZER_NUMBER_OBJECT_CONVERSION = YES_AGGRESSIVE;
				CLANG_CXX_LANGUAGE_STANDARD = "gnu++20";
				CLANG_ENABLE_MODULES = YES;
				CLANG_ENABLE_OBJC_ARC = YES;
				CLANG_ENABLE_OBJC_WEAK = YES;
				CLANG_WARN_BLOCK_CAPTURE_AUTORELEASING = YES;
				CLANG_WARN_BOOL_CONVERSION = YES;
				CLANG_WARN_COMMA = YES;
				CLANG_WARN_CONSTANT_CONVERSION = YES;
				CLANG_WARN_DEPRECATED_OBJC_IMPLEMENTATIONS = YES;
				CLANG_WARN_DIRECT_OBJC_ISA_USAGE = YES_ERROR;
				CLANG_WARN_DOCUMENTATION_COMMENTS = YES;
				CLANG_WARN_EMPTY_BODY = YES;
				CLANG_WARN_ENUM_CONVERSION = YES;
				CLANG_WARN_INFINITE_RECURSION = YES;
				CLANG_WARN_INT_CONVERSION = YES;
				CLANG_WARN_NON_LITERAL_NULL_CONVERSION = YES;
				CLANG_WARN_OBJC_IMPLICIT_RETAIN_SELF = YES;
				CLANG_WARN_OBJC_LITERAL_CONVERSION = YES;
				CLANG_WARN_OBJC_ROOT_CLASS = YES_ERROR;
				CLANG_WARN_QUOTED_INCLUDE_IN_FRAMEWORK_HEADER = YES;
				CLANG_WARN_RANGE_LOOP_ANALYSIS = YES;
				CLANG_WARN_STRICT_PROTOTYPES = YES;
				CLANG_WARN_SUSPICIOUS_MOVE = YES;
				CLANG_WARN_UNGUARDED_AVAILABILITY = YES_AGGRESSIVE;
				CLANG_WARN_UNREACHABLE_CODE = YES;
				CLANG_WARN__DUPLICATE_METHOD_MATCH = YES;
				COPY_PHASE_STRIP = NO;
				DEBUG_INFORMATION_FORMAT = "dwarf-with-dsym";
				ENABLE_NS_ASSERTIONS = NO;
				ENABLE_STRICT_OBJC_MSGSEND = YES;
				ENABLE_USER_SCRIPT_SANDBOXING = YES;
				GCC_C_LANGUAGE_STANDARD = gnu17;
				GCC_NO_COMMON_BLOCKS = YES;
				GCC_WARN_64_TO_32_BIT_CONVERSION = YES;
				GCC_WARN_ABOUT_RETURN_TYPE = YES_ERROR;
				GCC_WARN_UNDECLARED_SELECTOR = YES;
				GCC_WARN_UNINITIALIZED_AUTOS = YES_AGGRESSIVE;
				GCC_WARN_UNUSED_FUNCTION = YES;
				GCC_WARN_UNUSED_VARIABLE = YES;
				IPHONEOS_DEPLOYMENT_TARGET = 13.0;
				LOCALIZATION_PREFERS_STRING_CATALOGS = YES;
				MTL_ENABLE_DEBUG_INFO = NO;
				MTL_FAST_MATH = YES;
				SDKROOT = iphoneos;
				SWIFT_COMPILATION_MODE = wholemodule;
				VALIDATE_PRODUCT = YES;
			};
			name = Release;
		};
		3D3C22F02C3CEFEA00D6CFA0 /* Debug */ = {
			isa = XCBuildConfiguration;
			buildSettings = {
				CODE_SIGN_IDENTITY = "Apple Development";
				CODE_SIGN_STYLE = Automatic;
				CURRENT_PROJECT_VERSION = 1;
				DEVELOPMENT_TEAM = "";
				GENERATE_INFOPLIST_FILE = YES;
				INFOPLIST_FILE = BreakpointMaker/Info.plist;
				INFOPLIST_KEY_UIApplicationSupportsIndirectInputEvents = YES;
				INFOPLIST_KEY_UISupportedInterfaceOrientations = UIInterfaceOrientationPortrait;
				LD_RUNPATH_SEARCH_PATHS = "$@executable_path/Frameworks";
				MARKETING_VERSION = 1.0;
				PRODUCT_BUNDLE_IDENTIFIER = com.junely.BreakpointMaker;
				PRODUCT_NAME = "$(TARGET_NAME)";
				PROVISIONING_PROFILE_SPECIFIER = "";
				SUPPORTED_PLATFORMS = "iphoneos iphonesimulator";
				SUPPORTS_MACCATALYST = NO;
				SUPPORTS_MAC_DESIGNED_FOR_IPHONE_IPAD = NO;
				SUPPORTS_XR_DESIGNED_FOR_IPHONE_IPAD = NO;
				SWIFT_EMIT_LOC_STRINGS = YES;
				SWIFT_VERSION = 5.0;
				TARGETED_DEVICE_FAMILY = 1;
			};
			name = Debug;
		};
		3D3C22F12C3CEFEA00D6CFA0 /* Release */ = {
			isa = XCBuildConfiguration;
			buildSettings = {
				CODE_SIGN_IDENTITY = "Apple Development";
				CODE_SIGN_STYLE = Automatic;
				CURRENT_PROJECT_VERSION = 1;
				DEVELOPMENT_TEAM = "";
				GENERATE_INFOPLIST_FILE = YES;
				INFOPLIST_FILE = BreakpointMaker/Info.plist;
				INFOPLIST_KEY_UIApplicationSupportsIndirectInputEvents = YES;
				INFOPLIST_KEY_UISupportedInterfaceOrientations = UIInterfaceOrientationPortrait;
				LD_RUNPATH_SEARCH_PATHS = "$@executable_path/Frameworks";
				MARKETING_VERSION = 1.0;
				PRODUCT_BUNDLE_IDENTIFIER = com.junely.BreakpointMaker;
				PRODUCT_NAME = "$(TARGET_NAME)";
				PROVISIONING_PROFILE_SPECIFIER = "";
				SUPPORTED_PLATFORMS = "iphoneos iphonesimulator";
				SUPPORTS_MACCATALYST = NO;
				SUPPORTS_MAC_DESIGNED_FOR_IPHONE_IPAD = NO;
				SUPPORTS_XR_DESIGNED_FOR_IPHONE_IPAD = NO;
				SWIFT_EMIT_LOC_STRINGS = YES;
				SWIFT_VERSION = 5.0;
				TARGETED_DEVICE_FAMILY = 1;
			};
			name = Release;
		};
		3D78A3B02C3FA99F005C69E0 /* Debug */ = {
			isa = XCBuildConfiguration;
			buildSettings = {
				BUNDLE_LOADER = "$(TEST_HOST)";
				CODE_SIGN_STYLE = Automatic;
				CURRENT_PROJECT_VERSION = 1;
				DEVELOPMENT_TEAM = "";
				GENERATE_INFOPLIST_FILE = YES;
				MARKETING_VERSION = 1.0;
				PRODUCT_BUNDLE_IDENTIFIER = com.junely.BreakpointMakerTests;
				PRODUCT_NAME = "$(TARGET_NAME)";
				SUPPORTED_PLATFORMS = "iphoneos iphonesimulator";
				SUPPORTS_MACCATALYST = NO;
				SUPPORTS_MAC_DESIGNED_FOR_IPHONE_IPAD = NO;
				SUPPORTS_XR_DESIGNED_FOR_IPHONE_IPAD = NO;
				SWIFT_EMIT_LOC_STRINGS = NO;
				SWIFT_VERSION = 5.0;
				TARGETED_DEVICE_FAMILY = 1;
				TEST_HOST = "$(BUILT_PRODUCTS_DIR)/BreakpointMaker.app/$(BUNDLE_EXECUTABLE_FOLDER_PATH)/BreakpointMaker";
			};
			name = Debug;
		};
		3D78A3B12C3FA99F005C69E0 /* Release */ = {
			isa = XCBuildConfiguration;
			buildSettings = {
				BUNDLE_LOADER = "$(TEST_HOST)";
				CODE_SIGN_STYLE = Automatic;
				CURRENT_PROJECT_VERSION = 1;
				DEVELOPMENT_TEAM = "";
				GENERATE_INFOPLIST_FILE = YES;
				MARKETING_VERSION = 1.0;
				PRODUCT_BUNDLE_IDENTIFIER = com.junely.BreakpointMakerTests;
				PRODUCT_NAME = "$(TARGET_NAME)";
				SUPPORTED_PLATFORMS = "iphoneos iphonesimulator";
				SUPPORTS_MACCATALYST = NO;
				SUPPORTS_MAC_DESIGNED_FOR_IPHONE_IPAD = NO;
				SUPPORTS_XR_DESIGNED_FOR_IPHONE_IPAD = NO;
				SWIFT_EMIT_LOC_STRINGS = NO;
				SWIFT_VERSION = 5.0;
				TARGETED_DEVICE_FAMILY = 1;
				TEST_HOST = "$(BUILT_PRODUCTS_DIR)/BreakpointMaker.app/$(BUNDLE_EXECUTABLE_FOLDER_PATH)/BreakpointMaker";
			};
			name = Release;
		};
/* End XCBuildConfiguration section */

/* Begin XCConfigurationList section */
		3D3C22C02C3CEFE900D6CFA0 /* Build configuration list for PBXProject "BreakpointMaker" */ = {
			isa = XCConfigurationList;
			buildConfigurations = (
				3D3C22ED2C3CEFEA00D6CFA0 /* Debug */,
				3D3C22EE2C3CEFEA00D6CFA0 /* Release */,
			);
			defaultConfigurationIsVisible = 0;
			defaultConfigurationName = Release;
		};
		3D3C22EF2C3CEFEA00D6CFA0 /* Build configuration list for PBXNativeTarget "BreakpointMaker" */ = {
			isa = XCConfigurationList;
			buildConfigurations = (
				3D3C22F02C3CEFEA00D6CFA0 /* Debug */,
				3D3C22F12C3CEFEA00D6CFA0 /* Release */,
			);
			defaultConfigurationIsVisible = 0;
			defaultConfigurationName = Release;
		};
		3D78A3AF2C3FA99F005C69E0 /* Build configuration list for PBXNativeTarget "BreakpointMakerTests" */ = {
			isa = XCConfigurationList;
			buildConfigurations = (
				3D78A3B02C3FA99F005C69E0 /* Debug */,
				3D78A3B12C3FA99F005C69E0 /* Release */,
			);
			defaultConfigurationIsVisible = 0;
			defaultConfigurationName = Release;
		};
/* End XCConfigurationList section */
	};
	rootObject = 3D3C22BD2C3CEFE900D6CFA0 /* Project object */;
}
